// !$*UTF8*$!
{
	archiveVersion = 1;
	classes = {
	};
	objectVersion = 46;
	objects = {

/* Begin PBXBuildFile section */
		11AE6EE2C87A78EEFFED2A2C /* Pods_pathfinder_characters.framework in Frameworks */ = {isa = PBXBuildFile; fileRef = E40ADF857B9607952FB617F9 /* Pods_pathfinder_characters.framework */; };
		A0277C811D149F3000D833DA /* Spells_PFRPG_Core.json in Resources */ = {isa = PBXBuildFile; fileRef = A0277C801D149F3000D833DA /* Spells_PFRPG_Core.json */; };
		A0277C841D14A6A400D833DA /* Database.swift in Sources */ = {isa = PBXBuildFile; fileRef = A0277C831D14A6A400D833DA /* Database.swift */; };
		A0764ABC1D1B458A00D12301 /* pathfinder_charactersTests.swift in Sources */ = {isa = PBXBuildFile; fileRef = A0764ABB1D1B458A00D12301 /* pathfinder_charactersTests.swift */; };
		A0837CA51D1652B10070DD1F /* Skills_PFRPG_Master.json in Resources */ = {isa = PBXBuildFile; fileRef = A0837CA41D1652B10070DD1F /* Skills_PFRPG_Master.json */; };
		A0BB938F1D12837300FCA996 /* AppDelegate.swift in Sources */ = {isa = PBXBuildFile; fileRef = A0BB938E1D12837300FCA996 /* AppDelegate.swift */; };
		A0BB93941D12837300FCA996 /* Main.storyboard in Resources */ = {isa = PBXBuildFile; fileRef = A0BB93921D12837300FCA996 /* Main.storyboard */; };
		A0BB93961D12837300FCA996 /* Assets.xcassets in Resources */ = {isa = PBXBuildFile; fileRef = A0BB93951D12837300FCA996 /* Assets.xcassets */; };
		A0BB93991D12837300FCA996 /* LaunchScreen.storyboard in Resources */ = {isa = PBXBuildFile; fileRef = A0BB93971D12837300FCA996 /* LaunchScreen.storyboard */; };
		A0BB93AF1D12840700FCA996 /* AbilityScores.swift in Sources */ = {isa = PBXBuildFile; fileRef = A0BB93A01D12840700FCA996 /* AbilityScores.swift */; };
		A0BB93B11D12840700FCA996 /* Classes.swift in Sources */ = {isa = PBXBuildFile; fileRef = A0BB93A21D12840700FCA996 /* Classes.swift */; };
		A0BB93B31D12840700FCA996 /* Feats_PFRPG_Core.json in Resources */ = {isa = PBXBuildFile; fileRef = A0BB93A41D12840700FCA996 /* Feats_PFRPG_Core.json */; };
		A0BB93B41D12840700FCA996 /* Feats.swift in Sources */ = {isa = PBXBuildFile; fileRef = A0BB93A51D12840700FCA996 /* Feats.swift */; };
		A0BB93B51D12840700FCA996 /* RealmCharacterManager.swift in Sources */ = {isa = PBXBuildFile; fileRef = A0BB93A61D12840700FCA996 /* RealmCharacterManager.swift */; };
		A0BB93B61D12840700FCA996 /* CharacterSheet.swift in Sources */ = {isa = PBXBuildFile; fileRef = A0BB93A71D12840700FCA996 /* CharacterSheet.swift */; };
		A0BB93B71D12840700FCA996 /* Races.swift in Sources */ = {isa = PBXBuildFile; fileRef = A0BB93A81D12840700FCA996 /* Races.swift */; };
		A0BB93B91D12840700FCA996 /* Skills.swift in Sources */ = {isa = PBXBuildFile; fileRef = A0BB93AA1D12840700FCA996 /* Skills.swift */; };
		A0BB93BB1D12840700FCA996 /* Spell.swift in Sources */ = {isa = PBXBuildFile; fileRef = A0BB93AC1D12840700FCA996 /* Spell.swift */; };
		A0BB93BD1D12840700FCA996 /* StartVC.swift in Sources */ = {isa = PBXBuildFile; fileRef = A0BB93AE1D12840700FCA996 /* StartVC.swift */; };
		A0C4BCF61D1AF9F8002C27B4 /* GlobalExtensions.swift in Sources */ = {isa = PBXBuildFile; fileRef = A0C4BCF51D1AF9F8002C27B4 /* GlobalExtensions.swift */; };
		A0CA508C1D1775ED00EC5EF7 /* Classes_PFRPG_Core.json in Resources */ = {isa = PBXBuildFile; fileRef = A0CA508B1D1775ED00EC5EF7 /* Classes_PFRPG_Core.json */; };
		A0CA508F1D18540D00EC5EF7 /* ClassDB.swift in Sources */ = {isa = PBXBuildFile; fileRef = A0CA508E1D18540D00EC5EF7 /* ClassDB.swift */; };
		A0CA50911D18543500EC5EF7 /* SpellsDB.swift in Sources */ = {isa = PBXBuildFile; fileRef = A0CA50901D18543500EC5EF7 /* SpellsDB.swift */; };
		A0CA50931D18545D00EC5EF7 /* FeatsDB.swift in Sources */ = {isa = PBXBuildFile; fileRef = A0CA50921D18545D00EC5EF7 /* FeatsDB.swift */; };
		A0CA50951D18546C00EC5EF7 /* SkillsDB.swift in Sources */ = {isa = PBXBuildFile; fileRef = A0CA50941D18546C00EC5EF7 /* SkillsDB.swift */; };
		A0CA50991D1859A800EC5EF7 /* DatabaseManager.swift in Sources */ = {isa = PBXBuildFile; fileRef = A0CA50981D1859A800EC5EF7 /* DatabaseManager.swift */; };
		A0CA509B1D19BD4000EC5EF7 /* Races_PFRPG_Core.json in Resources */ = {isa = PBXBuildFile; fileRef = A0CA509A1D19BD4000EC5EF7 /* Races_PFRPG_Core.json */; };
		A0CA509D1D19BD5100EC5EF7 /* RaceDB.swift in Sources */ = {isa = PBXBuildFile; fileRef = A0CA509C1D19BD5100EC5EF7 /* RaceDB.swift */; };
		A0CA50A11D19CB8300EC5EF7 /* Equipment.swift in Sources */ = {isa = PBXBuildFile; fileRef = A0CA50A01D19CB8300EC5EF7 /* Equipment.swift */; };
		A0CA50A41D19D25300EC5EF7 /* WeaponDB.swift in Sources */ = {isa = PBXBuildFile; fileRef = A0CA50A31D19D25300EC5EF7 /* WeaponDB.swift */; };
		A0F7DB401D1A032C00E1F814 /* Equipment_PFRPG_Core.json in Resources */ = {isa = PBXBuildFile; fileRef = A0F7DB3F1D1A032C00E1F814 /* Equipment_PFRPG_Core.json */; };
		A0F7DB421D1A034A00E1F814 /* ArmorDB.swift in Sources */ = {isa = PBXBuildFile; fileRef = A0F7DB411D1A034A00E1F814 /* ArmorDB.swift */; };
/* End PBXBuildFile section */

/* Begin PBXContainerItemProxy section */
		A0764ABE1D1B458A00D12301 /* PBXContainerItemProxy */ = {
			isa = PBXContainerItemProxy;
			containerPortal = A0BB93831D12837200FCA996 /* Project object */;
			proxyType = 1;
			remoteGlobalIDString = A0BB938A1D12837300FCA996;
			remoteInfo = "pathfinder-characters";
		};
/* End PBXContainerItemProxy section */

/* Begin PBXFileReference section */
		9C552874843CC4745745C59A /* Pods-pathfinder-characters.debug.xcconfig */ = {isa = PBXFileReference; includeInIndex = 1; lastKnownFileType = text.xcconfig; name = "Pods-pathfinder-characters.debug.xcconfig"; path = "Pods/Target Support Files/Pods-pathfinder-characters/Pods-pathfinder-characters.debug.xcconfig"; sourceTree = "<group>"; };
		A0277C801D149F3000D833DA /* Spells_PFRPG_Core.json */ = {isa = PBXFileReference; fileEncoding = 4; lastKnownFileType = text.json; path = Spells_PFRPG_Core.json; sourceTree = "<group>"; };
		A0277C831D14A6A400D833DA /* Database.swift */ = {isa = PBXFileReference; fileEncoding = 4; lastKnownFileType = sourcecode.swift; path = Database.swift; sourceTree = "<group>"; };
		A0277C881D14C0DD00D833DA /* default.realm */ = {isa = PBXFileReference; lastKnownFileType = file; name = default.realm; path = Realm/default.realm; sourceTree = SOURCE_ROOT; };
		A0764AB91D1B458A00D12301 /* pathfinder-charactersTests.xctest */ = {isa = PBXFileReference; explicitFileType = wrapper.cfbundle; includeInIndex = 0; path = "pathfinder-charactersTests.xctest"; sourceTree = BUILT_PRODUCTS_DIR; };
		A0764ABB1D1B458A00D12301 /* pathfinder_charactersTests.swift */ = {isa = PBXFileReference; lastKnownFileType = sourcecode.swift; path = pathfinder_charactersTests.swift; sourceTree = "<group>"; };
		A0764ABD1D1B458A00D12301 /* Info.plist */ = {isa = PBXFileReference; lastKnownFileType = text.plist.xml; path = Info.plist; sourceTree = "<group>"; };
		A0837CA41D1652B10070DD1F /* Skills_PFRPG_Master.json */ = {isa = PBXFileReference; fileEncoding = 4; lastKnownFileType = text.json; path = Skills_PFRPG_Master.json; sourceTree = "<group>"; };
		A0BB938B1D12837300FCA996 /* pathfinder-characters.app */ = {isa = PBXFileReference; explicitFileType = wrapper.application; includeInIndex = 0; path = "pathfinder-characters.app"; sourceTree = BUILT_PRODUCTS_DIR; };
		A0BB938E1D12837300FCA996 /* AppDelegate.swift */ = {isa = PBXFileReference; lastKnownFileType = sourcecode.swift; path = AppDelegate.swift; sourceTree = "<group>"; };
		A0BB93931D12837300FCA996 /* Base */ = {isa = PBXFileReference; lastKnownFileType = file.storyboard; name = Base; path = Base.lproj/Main.storyboard; sourceTree = "<group>"; };
		A0BB93951D12837300FCA996 /* Assets.xcassets */ = {isa = PBXFileReference; lastKnownFileType = folder.assetcatalog; path = Assets.xcassets; sourceTree = "<group>"; };
		A0BB93981D12837300FCA996 /* Base */ = {isa = PBXFileReference; lastKnownFileType = file.storyboard; name = Base; path = Base.lproj/LaunchScreen.storyboard; sourceTree = "<group>"; };
		A0BB939A1D12837300FCA996 /* Info.plist */ = {isa = PBXFileReference; lastKnownFileType = text.plist.xml; path = Info.plist; sourceTree = "<group>"; };
		A0BB93A01D12840700FCA996 /* AbilityScores.swift */ = {isa = PBXFileReference; fileEncoding = 4; lastKnownFileType = sourcecode.swift; path = AbilityScores.swift; sourceTree = "<group>"; };
		A0BB93A21D12840700FCA996 /* Classes.swift */ = {isa = PBXFileReference; fileEncoding = 4; lastKnownFileType = sourcecode.swift; path = Classes.swift; sourceTree = "<group>"; };
		A0BB93A41D12840700FCA996 /* Feats_PFRPG_Core.json */ = {isa = PBXFileReference; fileEncoding = 4; lastKnownFileType = text.json; path = Feats_PFRPG_Core.json; sourceTree = "<group>"; };
		A0BB93A51D12840700FCA996 /* Feats.swift */ = {isa = PBXFileReference; fileEncoding = 4; lastKnownFileType = sourcecode.swift; path = Feats.swift; sourceTree = "<group>"; };
		A0BB93A61D12840700FCA996 /* RealmCharacterManager.swift */ = {isa = PBXFileReference; fileEncoding = 4; lastKnownFileType = sourcecode.swift; path = RealmCharacterManager.swift; sourceTree = "<group>"; };
		A0BB93A71D12840700FCA996 /* CharacterSheet.swift */ = {isa = PBXFileReference; fileEncoding = 4; lastKnownFileType = sourcecode.swift; path = CharacterSheet.swift; sourceTree = "<group>"; };
		A0BB93A81D12840700FCA996 /* Races.swift */ = {isa = PBXFileReference; fileEncoding = 4; lastKnownFileType = sourcecode.swift; path = Races.swift; sourceTree = "<group>"; };
		A0BB93AA1D12840700FCA996 /* Skills.swift */ = {isa = PBXFileReference; fileEncoding = 4; lastKnownFileType = sourcecode.swift; path = Skills.swift; sourceTree = "<group>"; };
		A0BB93AC1D12840700FCA996 /* Spell.swift */ = {isa = PBXFileReference; fileEncoding = 4; lastKnownFileType = sourcecode.swift; path = Spell.swift; sourceTree = "<group>"; };
		A0BB93AE1D12840700FCA996 /* StartVC.swift */ = {isa = PBXFileReference; fileEncoding = 4; lastKnownFileType = sourcecode.swift; path = StartVC.swift; sourceTree = "<group>"; };
		A0C4BCF51D1AF9F8002C27B4 /* GlobalExtensions.swift */ = {isa = PBXFileReference; fileEncoding = 4; lastKnownFileType = sourcecode.swift; path = GlobalExtensions.swift; sourceTree = "<group>"; };
		A0CA508B1D1775ED00EC5EF7 /* Classes_PFRPG_Core.json */ = {isa = PBXFileReference; fileEncoding = 4; lastKnownFileType = text.json; path = Classes_PFRPG_Core.json; sourceTree = "<group>"; };
		A0CA508E1D18540D00EC5EF7 /* ClassDB.swift */ = {isa = PBXFileReference; fileEncoding = 4; lastKnownFileType = sourcecode.swift; path = ClassDB.swift; sourceTree = "<group>"; };
		A0CA50901D18543500EC5EF7 /* SpellsDB.swift */ = {isa = PBXFileReference; fileEncoding = 4; lastKnownFileType = sourcecode.swift; path = SpellsDB.swift; sourceTree = "<group>"; };
		A0CA50921D18545D00EC5EF7 /* FeatsDB.swift */ = {isa = PBXFileReference; fileEncoding = 4; lastKnownFileType = sourcecode.swift; path = FeatsDB.swift; sourceTree = "<group>"; };
		A0CA50941D18546C00EC5EF7 /* SkillsDB.swift */ = {isa = PBXFileReference; fileEncoding = 4; lastKnownFileType = sourcecode.swift; path = SkillsDB.swift; sourceTree = "<group>"; };
		A0CA50981D1859A800EC5EF7 /* DatabaseManager.swift */ = {isa = PBXFileReference; fileEncoding = 4; lastKnownFileType = sourcecode.swift; path = DatabaseManager.swift; sourceTree = "<group>"; };
		A0CA509A1D19BD4000EC5EF7 /* Races_PFRPG_Core.json */ = {isa = PBXFileReference; fileEncoding = 4; lastKnownFileType = text.json; path = Races_PFRPG_Core.json; sourceTree = "<group>"; };
		A0CA509C1D19BD5100EC5EF7 /* RaceDB.swift */ = {isa = PBXFileReference; fileEncoding = 4; lastKnownFileType = sourcecode.swift; path = RaceDB.swift; sourceTree = "<group>"; };
		A0CA50A01D19CB8300EC5EF7 /* Equipment.swift */ = {isa = PBXFileReference; fileEncoding = 4; lastKnownFileType = sourcecode.swift; path = Equipment.swift; sourceTree = "<group>"; };
		A0CA50A31D19D25300EC5EF7 /* WeaponDB.swift */ = {isa = PBXFileReference; fileEncoding = 4; lastKnownFileType = sourcecode.swift; path = WeaponDB.swift; sourceTree = "<group>"; };
		A0F7DB3F1D1A032C00E1F814 /* Equipment_PFRPG_Core.json */ = {isa = PBXFileReference; fileEncoding = 4; lastKnownFileType = text.json; path = Equipment_PFRPG_Core.json; sourceTree = "<group>"; };
		A0F7DB411D1A034A00E1F814 /* ArmorDB.swift */ = {isa = PBXFileReference; fileEncoding = 4; lastKnownFileType = sourcecode.swift; path = ArmorDB.swift; sourceTree = "<group>"; };
		D76B410E28751C084F82C917 /* Pods-pathfinder-characters.release.xcconfig */ = {isa = PBXFileReference; includeInIndex = 1; lastKnownFileType = text.xcconfig; name = "Pods-pathfinder-characters.release.xcconfig"; path = "Pods/Target Support Files/Pods-pathfinder-characters/Pods-pathfinder-characters.release.xcconfig"; sourceTree = "<group>"; };
		E40ADF857B9607952FB617F9 /* Pods_pathfinder_characters.framework */ = {isa = PBXFileReference; explicitFileType = wrapper.framework; includeInIndex = 0; path = Pods_pathfinder_characters.framework; sourceTree = BUILT_PRODUCTS_DIR; };
/* End PBXFileReference section */

/* Begin PBXFrameworksBuildPhase section */
		A0764AB61D1B458A00D12301 /* Frameworks */ = {
			isa = PBXFrameworksBuildPhase;
			buildActionMask = 2147483647;
			files = (
			);
			runOnlyForDeploymentPostprocessing = 0;
		};
		A0BB93881D12837300FCA996 /* Frameworks */ = {
			isa = PBXFrameworksBuildPhase;
			buildActionMask = 2147483647;
			files = (
				11AE6EE2C87A78EEFFED2A2C /* Pods_pathfinder_characters.framework in Frameworks */,
			);
			runOnlyForDeploymentPostprocessing = 0;
		};
/* End PBXFrameworksBuildPhase section */

/* Begin PBXGroup section */
		657DC7697C1667C31C340550 /* Frameworks */ = {
			isa = PBXGroup;
			children = (
				E40ADF857B9607952FB617F9 /* Pods_pathfinder_characters.framework */,
			);
			name = Frameworks;
			sourceTree = "<group>";
		};
		8057CC555AFECE536F611B60 /* Pods */ = {
			isa = PBXGroup;
			children = (
				9C552874843CC4745745C59A /* Pods-pathfinder-characters.debug.xcconfig */,
				D76B410E28751C084F82C917 /* Pods-pathfinder-characters.release.xcconfig */,
			);
			name = Pods;
			sourceTree = "<group>";
		};
		A0764ABA1D1B458A00D12301 /* pathfinder-charactersTests */ = {
			isa = PBXGroup;
			children = (
				A0764ABB1D1B458A00D12301 /* pathfinder_charactersTests.swift */,
				A0764ABD1D1B458A00D12301 /* Info.plist */,
			);
			path = "pathfinder-charactersTests";
			sourceTree = "<group>";
		};
		A0BB93821D12837200FCA996 = {
			isa = PBXGroup;
			children = (
				A0BB938D1D12837300FCA996 /* pathfinder-characters */,
				A0764ABA1D1B458A00D12301 /* pathfinder-charactersTests */,
				A0BB938C1D12837300FCA996 /* Products */,
				8057CC555AFECE536F611B60 /* Pods */,
				657DC7697C1667C31C340550 /* Frameworks */,
			);
			sourceTree = "<group>";
		};
		A0BB938C1D12837300FCA996 /* Products */ = {
			isa = PBXGroup;
			children = (
				A0BB938B1D12837300FCA996 /* pathfinder-characters.app */,
				A0764AB91D1B458A00D12301 /* pathfinder-charactersTests.xctest */,
			);
			name = Products;
			sourceTree = "<group>";
		};
		A0BB938D1D12837300FCA996 /* pathfinder-characters */ = {
			isa = PBXGroup;
			children = (
				A0277C881D14C0DD00D833DA /* default.realm */,
				A0BB93C31D12843200FCA996 /* Storyboard */,
				A0BB93C21D12842900FCA996 /* Resources */,
				A0CA508D1D1853F100EC5EF7 /* JSON Parsing Databases */,
				A0BB93C11D12842000FCA996 /* Utilities */,
				A0BB93C01D12841C00FCA996 /* Model */,
				A0BB93BF1D12841700FCA996 /* View */,
				A0BB93BE1D12841100FCA996 /* Controller */,
			);
			path = "pathfinder-characters";
			sourceTree = "<group>";
		};
		A0BB93BE1D12841100FCA996 /* Controller */ = {
			isa = PBXGroup;
			children = (
				A0BB93AE1D12840700FCA996 /* StartVC.swift */,
			);
			name = Controller;
			sourceTree = "<group>";
		};
		A0BB93BF1D12841700FCA996 /* View */ = {
			isa = PBXGroup;
			children = (
			);
			name = View;
			sourceTree = "<group>";
		};
		A0BB93C01D12841C00FCA996 /* Model */ = {
			isa = PBXGroup;
			children = (
				A0BB93A71D12840700FCA996 /* CharacterSheet.swift */,
				A0CA50A21D19CC2300EC5EF7 /* Character Sheet Object Models */,
			);
			name = Model;
			sourceTree = "<group>";
		};
		A0BB93C11D12842000FCA996 /* Utilities */ = {
			isa = PBXGroup;
			children = (
				A0BB93A61D12840700FCA996 /* RealmCharacterManager.swift */,
				A0CA50981D1859A800EC5EF7 /* DatabaseManager.swift */,
				A0C4BCF51D1AF9F8002C27B4 /* GlobalExtensions.swift */,
			);
			name = Utilities;
			sourceTree = "<group>";
		};
		A0BB93C21D12842900FCA996 /* Resources */ = {
			isa = PBXGroup;
			children = (
				A0F7DB3F1D1A032C00E1F814 /* Equipment_PFRPG_Core.json */,
				A0CA509A1D19BD4000EC5EF7 /* Races_PFRPG_Core.json */,
				A0CA508B1D1775ED00EC5EF7 /* Classes_PFRPG_Core.json */,
				A0837CA41D1652B10070DD1F /* Skills_PFRPG_Master.json */,
				A0BB93A41D12840700FCA996 /* Feats_PFRPG_Core.json */,
				A0277C801D149F3000D833DA /* Spells_PFRPG_Core.json */,
			);
			name = Resources;
			sourceTree = "<group>";
		};
		A0BB93C31D12843200FCA996 /* Storyboard */ = {
			isa = PBXGroup;
			children = (
				A0BB938E1D12837300FCA996 /* AppDelegate.swift */,
				A0BB93921D12837300FCA996 /* Main.storyboard */,
				A0BB93951D12837300FCA996 /* Assets.xcassets */,
				A0BB93971D12837300FCA996 /* LaunchScreen.storyboard */,
				A0BB939A1D12837300FCA996 /* Info.plist */,
			);
			name = Storyboard;
			sourceTree = "<group>";
		};
		A0CA508D1D1853F100EC5EF7 /* JSON Parsing Databases */ = {
			isa = PBXGroup;
			children = (
				A0277C831D14A6A400D833DA /* Database.swift */,
				A0CA508E1D18540D00EC5EF7 /* ClassDB.swift */,
				A0CA50901D18543500EC5EF7 /* SpellsDB.swift */,
				A0CA50921D18545D00EC5EF7 /* FeatsDB.swift */,
				A0CA50941D18546C00EC5EF7 /* SkillsDB.swift */,
				A0CA509C1D19BD5100EC5EF7 /* RaceDB.swift */,
				A0CA50A31D19D25300EC5EF7 /* WeaponDB.swift */,
				A0F7DB411D1A034A00E1F814 /* ArmorDB.swift */,
			);
			name = "JSON Parsing Databases";
			sourceTree = "<group>";
		};
		A0CA50A21D19CC2300EC5EF7 /* Character Sheet Object Models */ = {
			isa = PBXGroup;
			children = (
				A0BB93A01D12840700FCA996 /* AbilityScores.swift */,
				A0BB93A81D12840700FCA996 /* Races.swift */,
				A0BB93A21D12840700FCA996 /* Classes.swift */,
				A0BB93AA1D12840700FCA996 /* Skills.swift */,
				A0BB93A51D12840700FCA996 /* Feats.swift */,
				A0CA50A01D19CB8300EC5EF7 /* Equipment.swift */,
				A0BB93AC1D12840700FCA996 /* Spell.swift */,
			);
			name = "Character Sheet Object Models";
			sourceTree = "<group>";
		};
/* End PBXGroup section */

/* Begin PBXNativeTarget section */
		A0764AB81D1B458A00D12301 /* pathfinder-charactersTests */ = {
			isa = PBXNativeTarget;
			buildConfigurationList = A0764AC01D1B458A00D12301 /* Build configuration list for PBXNativeTarget "pathfinder-charactersTests" */;
			buildPhases = (
				A0764AB51D1B458A00D12301 /* Sources */,
				A0764AB61D1B458A00D12301 /* Frameworks */,
				A0764AB71D1B458A00D12301 /* Resources */,
			);
			buildRules = (
			);
			dependencies = (
				A0764ABF1D1B458A00D12301 /* PBXTargetDependency */,
			);
			name = "pathfinder-charactersTests";
			productName = "pathfinder-charactersTests";
			productReference = A0764AB91D1B458A00D12301 /* pathfinder-charactersTests.xctest */;
			productType = "com.apple.product-type.bundle.unit-test";
		};
		A0BB938A1D12837300FCA996 /* pathfinder-characters */ = {
			isa = PBXNativeTarget;
			buildConfigurationList = A0BB939D1D12837300FCA996 /* Build configuration list for PBXNativeTarget "pathfinder-characters" */;
			buildPhases = (
				87587DA8D572A5AA245F5D50 /* Check Pods Manifest.lock */,
				A0BB93871D12837300FCA996 /* Sources */,
				A0BB93881D12837300FCA996 /* Frameworks */,
				A0BB93891D12837300FCA996 /* Resources */,
				36D4F089AB635FD22A12FF25 /* Embed Pods Frameworks */,
				0C0E03F5A2C59E58A306046D /* Copy Pods Resources */,
			);
			buildRules = (
			);
			dependencies = (
			);
			name = "pathfinder-characters";
			productName = "pathfinder-characters";
			productReference = A0BB938B1D12837300FCA996 /* pathfinder-characters.app */;
			productType = "com.apple.product-type.application";
		};
/* End PBXNativeTarget section */

/* Begin PBXProject section */
		A0BB93831D12837200FCA996 /* Project object */ = {
			isa = PBXProject;
			attributes = {
				LastSwiftUpdateCheck = 0730;
				LastUpgradeCheck = 0730;
				ORGANIZATIONNAME = "Adrian Padua";
				TargetAttributes = {
					A0764AB81D1B458A00D12301 = {
						CreatedOnToolsVersion = 7.3.1;
						TestTargetID = A0BB938A1D12837300FCA996;
					};
					A0BB938A1D12837300FCA996 = {
						CreatedOnToolsVersion = 7.3.1;
					};
				};
			};
			buildConfigurationList = A0BB93861D12837200FCA996 /* Build configuration list for PBXProject "pathfinder-characters" */;
			compatibilityVersion = "Xcode 3.2";
			developmentRegion = English;
			hasScannedForEncodings = 0;
			knownRegions = (
				en,
				Base,
			);
			mainGroup = A0BB93821D12837200FCA996;
			productRefGroup = A0BB938C1D12837300FCA996 /* Products */;
			projectDirPath = "";
			projectRoot = "";
			targets = (
				A0BB938A1D12837300FCA996 /* pathfinder-characters */,
				A0764AB81D1B458A00D12301 /* pathfinder-charactersTests */,
			);
		};
/* End PBXProject section */

/* Begin PBXResourcesBuildPhase section */
		A0764AB71D1B458A00D12301 /* Resources */ = {
			isa = PBXResourcesBuildPhase;
			buildActionMask = 2147483647;
			files = (
			);
			runOnlyForDeploymentPostprocessing = 0;
		};
		A0BB93891D12837300FCA996 /* Resources */ = {
			isa = PBXResourcesBuildPhase;
			buildActionMask = 2147483647;
			files = (
				A0BB93991D12837300FCA996 /* LaunchScreen.storyboard in Resources */,
				A0BB93961D12837300FCA996 /* Assets.xcassets in Resources */,
				A0CA509B1D19BD4000EC5EF7 /* Races_PFRPG_Core.json in Resources */,
				A0BB93B31D12840700FCA996 /* Feats_PFRPG_Core.json in Resources */,
				A0CA508C1D1775ED00EC5EF7 /* Classes_PFRPG_Core.json in Resources */,
				A0837CA51D1652B10070DD1F /* Skills_PFRPG_Master.json in Resources */,
				A0BB93941D12837300FCA996 /* Main.storyboard in Resources */,
				A0277C811D149F3000D833DA /* Spells_PFRPG_Core.json in Resources */,
				A0F7DB401D1A032C00E1F814 /* Equipment_PFRPG_Core.json in Resources */,
			);
			runOnlyForDeploymentPostprocessing = 0;
		};
/* End PBXResourcesBuildPhase section */

/* Begin PBXShellScriptBuildPhase section */
		0C0E03F5A2C59E58A306046D /* Copy Pods Resources */ = {
			isa = PBXShellScriptBuildPhase;
			buildActionMask = 2147483647;
			files = (
			);
			inputPaths = (
			);
			name = "Copy Pods Resources";
			outputPaths = (
			);
			runOnlyForDeploymentPostprocessing = 0;
			shellPath = /bin/sh;
			shellScript = "\"${SRCROOT}/Pods/Target Support Files/Pods-pathfinder-characters/Pods-pathfinder-characters-resources.sh\"\n";
			showEnvVarsInLog = 0;
		};
		36D4F089AB635FD22A12FF25 /* Embed Pods Frameworks */ = {
			isa = PBXShellScriptBuildPhase;
			buildActionMask = 2147483647;
			files = (
			);
			inputPaths = (
			);
			name = "Embed Pods Frameworks";
			outputPaths = (
			);
			runOnlyForDeploymentPostprocessing = 0;
			shellPath = /bin/sh;
			shellScript = "\"${SRCROOT}/Pods/Target Support Files/Pods-pathfinder-characters/Pods-pathfinder-characters-frameworks.sh\"\n";
			showEnvVarsInLog = 0;
		};
		87587DA8D572A5AA245F5D50 /* Check Pods Manifest.lock */ = {
			isa = PBXShellScriptBuildPhase;
			buildActionMask = 2147483647;
			files = (
			);
			inputPaths = (
			);
			name = "Check Pods Manifest.lock";
			outputPaths = (
			);
			runOnlyForDeploymentPostprocessing = 0;
			shellPath = /bin/sh;
			shellScript = "diff \"${PODS_ROOT}/../Podfile.lock\" \"${PODS_ROOT}/Manifest.lock\" > /dev/null\nif [[ $? != 0 ]] ; then\n    cat << EOM\nerror: The sandbox is not in sync with the Podfile.lock. Run 'pod install' or update your CocoaPods installation.\nEOM\n    exit 1\nfi\n";
			showEnvVarsInLog = 0;
		};
/* End PBXShellScriptBuildPhase section */

/* Begin PBXSourcesBuildPhase section */
		A0764AB51D1B458A00D12301 /* Sources */ = {
			isa = PBXSourcesBuildPhase;
			buildActionMask = 2147483647;
			files = (
				A0764ABC1D1B458A00D12301 /* pathfinder_charactersTests.swift in Sources */,
			);
			runOnlyForDeploymentPostprocessing = 0;
		};
		A0BB93871D12837300FCA996 /* Sources */ = {
			isa = PBXSourcesBuildPhase;
			buildActionMask = 2147483647;
			files = (
				A0BB93B91D12840700FCA996 /* Skills.swift in Sources */,
				A0CA509D1D19BD5100EC5EF7 /* RaceDB.swift in Sources */,
				A0CA50951D18546C00EC5EF7 /* SkillsDB.swift in Sources */,
				A0CA508F1D18540D00EC5EF7 /* ClassDB.swift in Sources */,
				A0277C841D14A6A400D833DA /* Database.swift in Sources */,
				A0BB93BB1D12840700FCA996 /* Spell.swift in Sources */,
				A0C4BCF61D1AF9F8002C27B4 /* GlobalExtensions.swift in Sources */,
				A0CA50911D18543500EC5EF7 /* SpellsDB.swift in Sources */,
				A0BB93AF1D12840700FCA996 /* AbilityScores.swift in Sources */,
				A0CA50A11D19CB8300EC5EF7 /* Equipment.swift in Sources */,
				A0CA50A41D19D25300EC5EF7 /* WeaponDB.swift in Sources */,
				A0BB93BD1D12840700FCA996 /* StartVC.swift in Sources */,
				A0BB93B71D12840700FCA996 /* Races.swift in Sources */,
				A0BB93B51D12840700FCA996 /* RealmCharacterManager.swift in Sources */,
				A0BB93B11D12840700FCA996 /* Classes.swift in Sources */,
				A0CA50991D1859A800EC5EF7 /* DatabaseManager.swift in Sources */,
				A0BB938F1D12837300FCA996 /* AppDelegate.swift in Sources */,
				A0BB93B61D12840700FCA996 /* CharacterSheet.swift in Sources */,
				A0CA50931D18545D00EC5EF7 /* FeatsDB.swift in Sources */,
				A0BB93B41D12840700FCA996 /* Feats.swift in Sources */,
				A0F7DB421D1A034A00E1F814 /* ArmorDB.swift in Sources */,
			);
			runOnlyForDeploymentPostprocessing = 0;
		};
/* End PBXSourcesBuildPhase section */

/* Begin PBXTargetDependency section */
		A0764ABF1D1B458A00D12301 /* PBXTargetDependency */ = {
			isa = PBXTargetDependency;
			target = A0BB938A1D12837300FCA996 /* pathfinder-characters */;
			targetProxy = A0764ABE1D1B458A00D12301 /* PBXContainerItemProxy */;
		};
/* End PBXTargetDependency section */

/* Begin PBXVariantGroup section */
		A0BB93921D12837300FCA996 /* Main.storyboard */ = {
			isa = PBXVariantGroup;
			children = (
				A0BB93931D12837300FCA996 /* Base */,
			);
			name = Main.storyboard;
			sourceTree = "<group>";
		};
		A0BB93971D12837300FCA996 /* LaunchScreen.storyboard */ = {
			isa = PBXVariantGroup;
			children = (
				A0BB93981D12837300FCA996 /* Base */,
			);
			name = LaunchScreen.storyboard;
			sourceTree = "<group>";
		};
/* End PBXVariantGroup section */

/* Begin XCBuildConfiguration section */
		A0764AC11D1B458A00D12301 /* Debug */ = {
			isa = XCBuildConfiguration;
			buildSettings = {
				BUNDLE_LOADER = "$(TEST_HOST)";
				INFOPLIST_FILE = "pathfinder-charactersTests/Info.plist";
				LD_RUNPATH_SEARCH_PATHS = "$(inherited) @executable_path/Frameworks @loader_path/Frameworks";
				PRODUCT_BUNDLE_IDENTIFIER = "com.adrpadua.pathfinder-charactersTests";
				PRODUCT_NAME = "$(TARGET_NAME)";
				TEST_HOST = "$(BUILT_PRODUCTS_DIR)/pathfinder-characters.app/pathfinder-characters";
			};
			name = Debug;
		};
		A0764AC21D1B458A00D12301 /* Release */ = {
			isa = XCBuildConfiguration;
			buildSettings = {
				BUNDLE_LOADER = "$(TEST_HOST)";
				INFOPLIST_FILE = "pathfinder-charactersTests/Info.plist";
				LD_RUNPATH_SEARCH_PATHS = "$(inherited) @executable_path/Frameworks @loader_path/Frameworks";
				PRODUCT_BUNDLE_IDENTIFIER = "com.adrpadua.pathfinder-charactersTests";
				PRODUCT_NAME = "$(TARGET_NAME)";
				TEST_HOST = "$(BUILT_PRODUCTS_DIR)/pathfinder-characters.app/pathfinder-characters";
			};
			name = Release;
		};
		A0BB939B1D12837300FCA996 /* Debug */ = {
			isa = XCBuildConfiguration;
			buildSettings = {
				ALWAYS_SEARCH_USER_PATHS = NO;
				CLANG_ANALYZER_NONNULL = YES;
				CLANG_CXX_LANGUAGE_STANDARD = "gnu++0x";
				CLANG_CXX_LIBRARY = "libc++";
				CLANG_ENABLE_MODULES = YES;
				CLANG_ENABLE_OBJC_ARC = YES;
				CLANG_WARN_BOOL_CONVERSION = YES;
				CLANG_WARN_CONSTANT_CONVERSION = YES;
				CLANG_WARN_DIRECT_OBJC_ISA_USAGE = YES_ERROR;
				CLANG_WARN_EMPTY_BODY = YES;
				CLANG_WARN_ENUM_CONVERSION = YES;
				CLANG_WARN_INT_CONVERSION = YES;
				CLANG_WARN_OBJC_ROOT_CLASS = YES_ERROR;
				CLANG_WARN_UNREACHABLE_CODE = YES;
				CLANG_WARN__DUPLICATE_METHOD_MATCH = YES;
				"CODE_SIGN_IDENTITY[sdk=iphoneos*]" = "iPhone Developer";
				COPY_PHASE_STRIP = NO;
				DEBUG_INFORMATION_FORMAT = dwarf;
				ENABLE_STRICT_OBJC_MSGSEND = YES;
				ENABLE_TESTABILITY = YES;
				GCC_C_LANGUAGE_STANDARD = gnu99;
				GCC_DYNAMIC_NO_PIC = NO;
				GCC_NO_COMMON_BLOCKS = YES;
				GCC_OPTIMIZATION_LEVEL = 0;
				GCC_PREPROCESSOR_DEFINITIONS = (
					"DEBUG=1",
					"$(inherited)",
				);
				GCC_WARN_64_TO_32_BIT_CONVERSION = YES;
				GCC_WARN_ABOUT_RETURN_TYPE = YES_ERROR;
				GCC_WARN_UNDECLARED_SELECTOR = YES;
				GCC_WARN_UNINITIALIZED_AUTOS = YES_AGGRESSIVE;
				GCC_WARN_UNUSED_FUNCTION = YES;
				GCC_WARN_UNUSED_VARIABLE = YES;
				IPHONEOS_DEPLOYMENT_TARGET = 9.3;
				MTL_ENABLE_DEBUG_INFO = YES;
				ONLY_ACTIVE_ARCH = YES;
				SDKROOT = iphoneos;
				SWIFT_OPTIMIZATION_LEVEL = "-Onone";
				TARGETED_DEVICE_FAMILY = "1,2";
			};
			name = Debug;
		};
		A0BB939C1D12837300FCA996 /* Release */ = {
			isa = XCBuildConfiguration;
			buildSettings = {
				ALWAYS_SEARCH_USER_PATHS = NO;
				CLANG_ANALYZER_NONNULL = YES;
				CLANG_CXX_LANGUAGE_STANDARD = "gnu++0x";
				CLANG_CXX_LIBRARY = "libc++";
				CLANG_ENABLE_MODULES = YES;
				CLANG_ENABLE_OBJC_ARC = YES;
				CLANG_WARN_BOOL_CONVERSION = YES;
				CLANG_WARN_CONSTANT_CONVERSION = YES;
				CLANG_WARN_DIRECT_OBJC_ISA_USAGE = YES_ERROR;
				CLANG_WARN_EMPTY_BODY = YES;
				CLANG_WARN_ENUM_CONVERSION = YES;
				CLANG_WARN_INT_CONVERSION = YES;
				CLANG_WARN_OBJC_ROOT_CLASS = YES_ERROR;
				CLANG_WARN_UNREACHABLE_CODE = YES;
				CLANG_WARN__DUPLICATE_METHOD_MATCH = YES;
				"CODE_SIGN_IDENTITY[sdk=iphoneos*]" = "iPhone Developer";
				COPY_PHASE_STRIP = NO;
				DEBUG_INFORMATION_FORMAT = "dwarf-with-dsym";
				ENABLE_NS_ASSERTIONS = NO;
				ENABLE_STRICT_OBJC_MSGSEND = YES;
				GCC_C_LANGUAGE_STANDARD = gnu99;
				GCC_NO_COMMON_BLOCKS = YES;
				GCC_WARN_64_TO_32_BIT_CONVERSION = YES;
				GCC_WARN_ABOUT_RETURN_TYPE = YES_ERROR;
				GCC_WARN_UNDECLARED_SELECTOR = YES;
				GCC_WARN_UNINITIALIZED_AUTOS = YES_AGGRESSIVE;
				GCC_WARN_UNUSED_FUNCTION = YES;
				GCC_WARN_UNUSED_VARIABLE = YES;
				IPHONEOS_DEPLOYMENT_TARGET = 9.3;
				MTL_ENABLE_DEBUG_INFO = NO;
				SDKROOT = iphoneos;
				TARGETED_DEVICE_FAMILY = "1,2";
				VALIDATE_PRODUCT = YES;
			};
			name = Release;
		};
		A0BB939E1D12837300FCA996 /* Debug */ = {
			isa = XCBuildConfiguration;
			baseConfigurationReference = 9C552874843CC4745745C59A /* Pods-pathfinder-characters.debug.xcconfig */;
			buildSettings = {
				ASSETCATALOG_COMPILER_APPICON_NAME = AppIcon;
				INFOPLIST_FILE = "pathfinder-characters/Info.plist";
				LD_RUNPATH_SEARCH_PATHS = "$(inherited) @executable_path/Frameworks";
				PRODUCT_BUNDLE_IDENTIFIER = "com.adrpadua.pathfinder-characters";
				PRODUCT_NAME = "$(TARGET_NAME)";
			};
			name = Debug;
		};
		A0BB939F1D12837300FCA996 /* Release */ = {
			isa = XCBuildConfiguration;
			baseConfigurationReference = D76B410E28751C084F82C917 /* Pods-pathfinder-characters.release.xcconfig */;
			buildSettings = {
				ASSETCATALOG_COMPILER_APPICON_NAME = AppIcon;
				INFOPLIST_FILE = "pathfinder-characters/Info.plist";
				LD_RUNPATH_SEARCH_PATHS = "$(inherited) @executable_path/Frameworks";
				PRODUCT_BUNDLE_IDENTIFIER = "com.adrpadua.pathfinder-characters";
				PRODUCT_NAME = "$(TARGET_NAME)";
			};
			name = Release;
		};
/* End XCBuildConfiguration section */

/* Begin XCConfigurationList section */
		A0764AC01D1B458A00D12301 /* Build configuration list for PBXNativeTarget "pathfinder-charactersTests" */ = {
			isa = XCConfigurationList;
			buildConfigurations = (
				A0764AC11D1B458A00D12301 /* Debug */,
				A0764AC21D1B458A00D12301 /* Release */,
			);
			defaultConfigurationIsVisible = 0;
			defaultConfigurationName = Release;
		};
		A0BB93861D12837200FCA996 /* Build configuration list for PBXProject "pathfinder-characters" */ = {
			isa = XCConfigurationList;
			buildConfigurations = (
				A0BB939B1D12837300FCA996 /* Debug */,
				A0BB939C1D12837300FCA996 /* Release */,
			);
			defaultConfigurationIsVisible = 0;
			defaultConfigurationName = Release;
		};
		A0BB939D1D12837300FCA996 /* Build configuration list for PBXNativeTarget "pathfinder-characters" */ = {
			isa = XCConfigurationList;
			buildConfigurations = (
				A0BB939E1D12837300FCA996 /* Debug */,
				A0BB939F1D12837300FCA996 /* Release */,
			);
			defaultConfigurationIsVisible = 0;
			defaultConfigurationName = Release;
		};
/* End XCConfigurationList section */
	};
	rootObject = A0BB93831D12837200FCA996 /* Project object */;
}
